
Microsoft Visual Studio Solution File, Format Version 12.00
# Visual Studio Version 17
VisualStudioVersion = 17.3.32825.248
MinimumVisualStudioVersion = 10.0.40219.1
Project("{FAE04EC0-301F-11D3-BF4B-00C04F79EFBC}") = "PromoterBot", "PromoterBot\PromoterBot.csproj", "{06339D1F-70F2-4CB2-BA27-94A4F947C689}"
EndProject
Global
	GlobalSection(SolutionConfigurationPlatforms) = preSolution
		Debug|Any CPU = Debug|Any CPU
		Release|Any CPU = Release|Any CPU
	EndGlobalSection
	GlobalSection(ProjectConfigurationPlatforms) = postSolution
		{06339D1F-70F2-4CB2-BA27-94A4F947C689}.Debug|Any CPU.ActiveCfg = Debug|Any CPU
		{06339D1F-70F2-4CB2-BA27-94A4F947C689}.Debug|Any CPU.Build.0 = Debug|Any CPU
		{06339D1F-70F2-4CB2-BA27-94A4F947C689}.Release|Any CPU.ActiveCfg = Release|Any CPU
		{06339D1F-70F2-4CB2-BA27-94A4F947C689}.Release|Any CPU.Build.0 = Release|Any CPU
	EndGlobalSection
	GlobalSection(SolutionProperties) = preSolution
		HideSolutionNode = FALSE
	EndGlobalSection
	GlobalSection(ExtensibilityGlobals) = postSolution
		SolutionGuid = {5140BD99-752F-4F5D-9420-5D678DEF5523}
	EndGlobalSection
EndGlobal
